github.com/so5dz/dsp v0.1.2 h1:aTZMzXmlTVQ7ylAIiTaZ60c9Y0J3kCig1M58rIHquv0=
github.com/so5dz/dsp v0.1.2/go.mod h1:A8OfmVK2J4j9LnkJtwBOMpODvnrRadUZTY3mZ2YT2as=
github.com/so5dz/network v0.1.1 h1:nyGw8NEuYv+EprjLE5Y3w+kIqTzRhgD0OKE1ijRWPyU=
github.com/so5dz/network v0.1.1/go.mod h1:oG+c4RbImEx04taEOmU9HaObbmJsAze+zhnJEAWV4l4=
github.com/so5dz/utils v0.1.0 h1:/gC763Oj0ygZ9ZseyRiXNfmG+1vtx4MH+/usMm50Cgk=
github.com/so5dz/utils v0.1.0/go.mod h1:fMkO11bOYRPEVBwpxlLpJgRGlU2jN/9mABeb376Z2x4=
github.com/tunabay/go-bitarray v1.3.1 h1:5q38uagXhrdzT0LjKWBB5ILO56fptGrJG8750171cAo=
github.com/tunabay/go-bitarray v1.3.1/go.mod h1:k6MncM9mWklQRcVy5Xe9RYixeDd9b3H0xqtgiANJFF4=
